github.com/drtheodor/hextra v0.0.0-20250820155309-898799055f14 h1:6/hkKFIIr9+5VqokTFDkfWnNfRzYDyIokOvXlfXOhNU=
github.com/drtheodor/hextra v0.0.0-20250820155309-898799055f14/go.mod h1:qjoOAflScFI1V2lsNIelrAFt7VXF7Ylw3IoYMd408bg=
github.com/drtheodor/hextra v0.0.0-20250820155633-19e825ce792e h1:Ct+XmiRRKWCGota3tTcj9pgccLbcaj0rriL/+VTFtTI=
github.com/drtheodor/hextra v0.0.0-20250820155633-19e825ce792e/go.mod h1:qjoOAflScFI1V2lsNIelrAFt7VXF7Ylw3IoYMd408bg=
