github.com/drtheodor/hextra v0.0.0-20250820163335-883efef22b59 h1:g+H08J8e/3TpuRM7j5Iwtz2vR4J8FscZZ33HkSz1jo8=
github.com/drtheodor/hextra v0.0.0-20250820163335-883efef22b59/go.mod h1:qjoOAflScFI1V2lsNIelrAFt7VXF7Ylw3IoYMd408bg=
github.com/drtheodor/hextra v0.0.0-20250820200331-a838e334aade h1:tATCJ0z6SYtfFkHzed8/Dg2lHnqCkzj6w8euSAudxBk=
github.com/drtheodor/hextra v0.0.0-20250820200331-a838e334aade/go.mod h1:qjoOAflScFI1V2lsNIelrAFt7VXF7Ylw3IoYMd408bg=
